
Microsoft Visual Studio Solution File, Format Version 12.00
# Visual Studio Version 16
VisualStudioVersion = 16.0.30717.126
MinimumVisualStudioVersion = 10.0.40219.1
Project("{9A19103F-16F7-4668-BE54-9A1E7A4F7556}") = "SmolMod", "SmolMod\SmolMod.csproj", "{0C2D3DA9-3C2E-4D38-9321-E7BF571B519B}"
EndProject
Global
	GlobalSection(SolutionConfigurationPlatforms) = preSolution
		Debug|Any CPU = Debug|Any CPU
		Release|Any CPU = Release|Any CPU
	EndGlobalSection
	GlobalSection(ProjectConfigurationPlatforms) = postSolution
		{0C2D3DA9-3C2E-4D38-9321-E7BF571B519B}.Debug|Any CPU.ActiveCfg = Debug|Any CPU
		{0C2D3DA9-3C2E-4D38-9321-E7BF571B519B}.Debug|Any CPU.Build.0 = Debug|Any CPU
		{0C2D3DA9-3C2E-4D38-9321-E7BF571B519B}.Release|Any CPU.ActiveCfg = Release|Any CPU
		{0C2D3DA9-3C2E-4D38-9321-E7BF571B519B}.Release|Any CPU.Build.0 = Release|Any CPU
	EndGlobalSection
	GlobalSection(SolutionProperties) = preSolution
		HideSolutionNode = FALSE
	EndGlobalSection
	GlobalSection(ExtensibilityGlobals) = postSolution
		SolutionGuid = {F207EE06-3FC4-40B4-96FD-6A6263527AA5}
	EndGlobalSection
EndGlobal
